// !$*UTF8*$!
{
	archiveVersion = 1;
	classes = {
	};
	objectVersion = 50;
	objects = {

/* Begin PBXBuildFile section */
		30D79483C4C0940C3AC7C088 /* Pods_pre_alfa_0_00_01.framework in Frameworks */ = {isa = PBXBuildFile; fileRef = 32F90BB9B0878CF98996CBA9 /* Pods_pre_alfa_0_00_01.framework */; };
		510F0EA6211D7B8700BF7822 /* ComRoom.swift in Sources */ = {isa = PBXBuildFile; fileRef = 510F0EA5211D7B8700BF7822 /* ComRoom.swift */; };
		51200F822121D7B10018E53E /* Map3D.swift in Sources */ = {isa = PBXBuildFile; fileRef = 51200F812121D7B10018E53E /* Map3D.swift */; };
		51200F842121D8FE0018E53E /* BlockMap3D.swift in Sources */ = {isa = PBXBuildFile; fileRef = 51200F832121D8FE0018E53E /* BlockMap3D.swift */; };
		51200F872121EDAB0018E53E /* MapView.swift in Sources */ = {isa = PBXBuildFile; fileRef = 51200F862121EDAB0018E53E /* MapView.swift */; };
		51200F892121EE140018E53E /* MapView.storyboard in Resources */ = {isa = PBXBuildFile; fileRef = 51200F882121EE140018E53E /* MapView.storyboard */; };
		512863222120ADA30047326D /* LaunchScreen.storyboard in Resources */ = {isa = PBXBuildFile; fileRef = 512863212120ADA30047326D /* LaunchScreen.storyboard */; };
		512863242120B1130047326D /* FightAren.storyboard in Resources */ = {isa = PBXBuildFile; fileRef = 512863232120B1120047326D /* FightAren.storyboard */; };
		512863262120B1AA0047326D /* Area.storyboard in Resources */ = {isa = PBXBuildFile; fileRef = 512863252120B1A90047326D /* Area.storyboard */; };
		512863282120B3180047326D /* Main.storyboard in Resources */ = {isa = PBXBuildFile; fileRef = 512863272120B3180047326D /* Main.storyboard */; };
		512BE7E2210E21480035DF60 /* Charactor.swift in Sources */ = {isa = PBXBuildFile; fileRef = 512BE7E1210E21480035DF60 /* Charactor.swift */; };
		512BE7E4210E222D0035DF60 /* Enemy.swift in Sources */ = {isa = PBXBuildFile; fileRef = 512BE7E3210E222D0035DF60 /* Enemy.swift */; };
		512BE7E6210E23190035DF60 /* FightStats.swift in Sources */ = {isa = PBXBuildFile; fileRef = 512BE7E5210E23190035DF60 /* FightStats.swift */; };
		512BE7E8210E24340035DF60 /* FightStatsPlayer.swift in Sources */ = {isa = PBXBuildFile; fileRef = 512BE7E7210E24340035DF60 /* FightStatsPlayer.swift */; };
		512BE7EA210E244E0035DF60 /* FightStatsEnemy.swift in Sources */ = {isa = PBXBuildFile; fileRef = 512BE7E9210E244E0035DF60 /* FightStatsEnemy.swift */; };
		512EA5AC2103E72D003AFE21 /* Main.swift in Sources */ = {isa = PBXBuildFile; fileRef = 512EA5AB2103E72D003AFE21 /* Main.swift */; };
		51309F7A215BB3AF000A8B94 /* AllSave.swift in Sources */ = {isa = PBXBuildFile; fileRef = 51309F79215BB3AF000A8B94 /* AllSave.swift */; };
		51395A9720EAA8970054207E /* Door.swift in Sources */ = {isa = PBXBuildFile; fileRef = 51395A9620EAA8970054207E /* Door.swift */; };
		5139D0D321563A3700CC92A3 /* StuelAnimArea.swift in Sources */ = {isa = PBXBuildFile; fileRef = 5139D0D221563A3700CC92A3 /* StuelAnimArea.swift */; };
		5143160A21202E38003A0C11 /* CardInAren.swift in Sources */ = {isa = PBXBuildFile; fileRef = 5143160921202E38003A0C11 /* CardInAren.swift */; };
		5143160C2120864E003A0C11 /* Skeleton.swift in Sources */ = {isa = PBXBuildFile; fileRef = 5143160B2120864E003A0C11 /* Skeleton.swift */; };
		5147425B217350C300C2227E /* StuelFightAren.swift in Sources */ = {isa = PBXBuildFile; fileRef = 5147425A217350C300C2227E /* StuelFightAren.swift */; };
		5157168520EFA2FC007FA2F5 /* NoDoorRoom.swift in Sources */ = {isa = PBXBuildFile; fileRef = 5157168420EFA2FC007FA2F5 /* NoDoorRoom.swift */; };
		5157930220EA1E7A00327D91 /* Area.swift in Sources */ = {isa = PBXBuildFile; fileRef = 5157930120EA1E7A00327D91 /* Area.swift */; };
		5157930720EA1E7C00327D91 /* Assets.xcassets in Resources */ = {isa = PBXBuildFile; fileRef = 5157930620EA1E7C00327D91 /* Assets.xcassets */; };
		5157931220EA1F5000327D91 /* Room.swift in Sources */ = {isa = PBXBuildFile; fileRef = 5157931120EA1F5000327D91 /* Room.swift */; };
		516B10E2211C488D00DDE22A /* scenes.scnassets in Resources */ = {isa = PBXBuildFile; fileRef = 516B10E1211C488D00DDE22A /* scenes.scnassets */; };
		516E27312117A05300409D97 /* AppDelegate.swift in Sources */ = {isa = PBXBuildFile; fileRef = 516E27302117A05300409D97 /* AppDelegate.swift */; };
		5186DF0F20F0A8CE006AF275 /* Player.swift in Sources */ = {isa = PBXBuildFile; fileRef = 5186DF0E20F0A8CE006AF275 /* Player.swift */; };
		5186DF1220F0A927006AF275 /* Inventery.swift in Sources */ = {isa = PBXBuildFile; fileRef = 5186DF1120F0A927006AF275 /* Inventery.swift */; };
		5186DF1520F0A941006AF275 /* Item.swift in Sources */ = {isa = PBXBuildFile; fileRef = 5186DF1420F0A941006AF275 /* Item.swift */; };
		5186DF1920F0B4B3006AF275 /* Key.swift in Sources */ = {isa = PBXBuildFile; fileRef = 5186DF1820F0B4B3006AF275 /* Key.swift */; };
		518977BA212ED82400BD8AF9 /* RoomProp.swift in Sources */ = {isa = PBXBuildFile; fileRef = 518977B9212ED82400BD8AF9 /* RoomProp.swift */; };
		518977BE2131E9BB00BD8AF9 /* GetClass.swift in Sources */ = {isa = PBXBuildFile; fileRef = 518977BD2131E9BB00BD8AF9 /* GetClass.swift */; };
		5189AFC52109F59C00AD159C /* Dir.swift in Sources */ = {isa = PBXBuildFile; fileRef = 5189AFC42109F59C00AD159C /* Dir.swift */; };
		5189AFC7210A3BBD00AD159C /* PlayerCast.swift in Sources */ = {isa = PBXBuildFile; fileRef = 5189AFC6210A3BBD00AD159C /* PlayerCast.swift */; };
		5189AFCB210A3E6100AD159C /* PlayerCast.storyboard in Resources */ = {isa = PBXBuildFile; fileRef = 5189AFCA210A3E6100AD159C /* PlayerCast.storyboard */; };
		518B7169212466A2005E9A47 /* Card.swift in Sources */ = {isa = PBXBuildFile; fileRef = 518B7168212466A2005E9A47 /* Card.swift */; };
		518B716B212466FD005E9A47 /* Qality.swift in Sources */ = {isa = PBXBuildFile; fileRef = 518B716A212466FD005E9A47 /* Qality.swift */; };
		518B716D212484B0005E9A47 /* CardAtack.swift in Sources */ = {isa = PBXBuildFile; fileRef = 518B716C212484B0005E9A47 /* CardAtack.swift */; };
		518F2F64210E5E1A008C036E /* FightAren.swift in Sources */ = {isa = PBXBuildFile; fileRef = 518F2F63210E5E1A008C036E /* FightAren.swift */; };
		519FA31D212AACAD00FAE753 /* HpCard.swift in Sources */ = {isa = PBXBuildFile; fileRef = 519FA31C212AACAD00FAE753 /* HpCard.swift */; };
		51A2C2862103FF2A00E8ADC4 /* BrainArea.swift in Sources */ = {isa = PBXBuildFile; fileRef = 51A2C2852103FF2A00E8ADC4 /* BrainArea.swift */; };
		51BB556721A8546B0081ED9D /* Lu.swift in Sources */ = {isa = PBXBuildFile; fileRef = 51BB556621A8546B0081ED9D /* Lu.swift */; };
		51C1E50E21AA101E00872764 /* Sashka.swift in Sources */ = {isa = PBXBuildFile; fileRef = 51C1E50D21AA101E00872764 /* Sashka.swift */; };
		51C20B552114A0B700A63B7E /* Soul.swift in Sources */ = {isa = PBXBuildFile; fileRef = 51C20B542114A0B700A63B7E /* Soul.swift */; };
		51C20B582114A78800A63B7E /* BrainFightAren.swift in Sources */ = {isa = PBXBuildFile; fileRef = 51C20B572114A78800A63B7E /* BrainFightAren.swift */; };
		51C373E5211EFC950091A34F /* EnemyInAren.swift in Sources */ = {isa = PBXBuildFile; fileRef = 51C373E4211EFC950091A34F /* EnemyInAren.swift */; };
		51D5DDAD214FB0E000420FF2 /* StorRoom.swift in Sources */ = {isa = PBXBuildFile; fileRef = 51D5DDAC214FB0E000420FF2 /* StorRoom.swift */; };
		51DE5C56210B376000CC002E /* Lilit.swift in Sources */ = {isa = PBXBuildFile; fileRef = 51DE5C55210B376000CC002E /* Lilit.swift */; };
		51DE5C58210B505200CC002E /* GameDataStorage.swift in Sources */ = {isa = PBXBuildFile; fileRef = 51DE5C57210B505200CC002E /* GameDataStorage.swift */; };
		51DE5C5A210C165100CC002E /* StackItem.swift in Sources */ = {isa = PBXBuildFile; fileRef = 51DE5C59210C165100CC002E /* StackItem.swift */; };
		51DE5C5C210CE63C00CC002E /* LostBord.storyboard in Resources */ = {isa = PBXBuildFile; fileRef = 51DE5C5B210CE63C00CC002E /* LostBord.storyboard */; };
		51DE5C5E210CE67900CC002E /* LostBord.swift in Sources */ = {isa = PBXBuildFile; fileRef = 51DE5C5D210CE67900CC002E /* LostBord.swift */; };
		51E42D9A20F2384E007DA454 /* DmgRoom.swift in Sources */ = {isa = PBXBuildFile; fileRef = 51E42D9920F2384E007DA454 /* DmgRoom.swift */; };
		51E42D9C20F36065007DA454 /* Map.swift in Sources */ = {isa = PBXBuildFile; fileRef = 51E42D9B20F36065007DA454 /* Map.swift */; };
		51E4516F2147E4FD00E25903 /* InventeryBoard.storyboard in Resources */ = {isa = PBXBuildFile; fileRef = 51E4516E2147E4FD00E25903 /* InventeryBoard.storyboard */; };
		51E451712147E52500E25903 /* InventeryBoard.swift in Sources */ = {isa = PBXBuildFile; fileRef = 51E451702147E52500E25903 /* InventeryBoard.swift */; };
		51EBC66721997EED00BA3160 /* Navigation.swift in Sources */ = {isa = PBXBuildFile; fileRef = 51EBC66621997EED00BA3160 /* Navigation.swift */; };
		51EBC669219A3D9A00BA3160 /* NavigationProtocol.swift in Sources */ = {isa = PBXBuildFile; fileRef = 51EBC668219A3D9A00BA3160 /* NavigationProtocol.swift */; };
		51F24BDF2107A1AB00912E15 /* PlayMenu.swift in Sources */ = {isa = PBXBuildFile; fileRef = 51F24BDE2107A1AB00912E15 /* PlayMenu.swift */; };
		51F24BE42107A4B800912E15 /* PlayMenu.storyboard in Resources */ = {isa = PBXBuildFile; fileRef = 51F24BE32107A4B800912E15 /* PlayMenu.storyboard */; };
		51F26F5420FB57C1003D326A /* DifRoom.swift in Sources */ = {isa = PBXBuildFile; fileRef = 51F26F5320FB57C1003D326A /* DifRoom.swift */; };
		51F26F5620FCC876003D326A /* CloseRoom.swift in Sources */ = {isa = PBXBuildFile; fileRef = 51F26F5520FCC876003D326A /* CloseRoom.swift */; };
/* End PBXBuildFile section */

/* Begin PBXFileReference section */
		32F90BB9B0878CF98996CBA9 /* Pods_pre_alfa_0_00_01.framework */ = {isa = PBXFileReference; explicitFileType = wrapper.framework; includeInIndex = 0; path = Pods_pre_alfa_0_00_01.framework; sourceTree = BUILT_PRODUCTS_DIR; };
		510F0EA5211D7B8700BF7822 /* ComRoom.swift */ = {isa = PBXFileReference; lastKnownFileType = sourcecode.swift; path = ComRoom.swift; sourceTree = "<group>"; };
		51200F812121D7B10018E53E /* Map3D.swift */ = {isa = PBXFileReference; lastKnownFileType = sourcecode.swift; path = Map3D.swift; sourceTree = "<group>"; };
		51200F832121D8FE0018E53E /* BlockMap3D.swift */ = {isa = PBXFileReference; lastKnownFileType = sourcecode.swift; path = BlockMap3D.swift; sourceTree = "<group>"; };
		51200F862121EDAB0018E53E /* MapView.swift */ = {isa = PBXFileReference; lastKnownFileType = sourcecode.swift; path = MapView.swift; sourceTree = "<group>"; };
		51200F882121EE140018E53E /* MapView.storyboard */ = {isa = PBXFileReference; fileEncoding = 4; lastKnownFileType = file.storyboard; path = MapView.storyboard; sourceTree = "<group>"; };
		512863212120ADA30047326D /* LaunchScreen.storyboard */ = {isa = PBXFileReference; fileEncoding = 4; lastKnownFileType = file.storyboard; path = LaunchScreen.storyboard; sourceTree = "<group>"; };
		512863232120B1120047326D /* FightAren.storyboard */ = {isa = PBXFileReference; fileEncoding = 4; lastKnownFileType = file.storyboard; path = FightAren.storyboard; sourceTree = "<group>"; };
		512863252120B1A90047326D /* Area.storyboard */ = {isa = PBXFileReference; fileEncoding = 4; lastKnownFileType = file.storyboard; path = Area.storyboard; sourceTree = "<group>"; };
		512863272120B3180047326D /* Main.storyboard */ = {isa = PBXFileReference; fileEncoding = 4; lastKnownFileType = file.storyboard; path = Main.storyboard; sourceTree = "<group>"; };
		512BE7E1210E21480035DF60 /* Charactor.swift */ = {isa = PBXFileReference; lastKnownFileType = sourcecode.swift; path = Charactor.swift; sourceTree = "<group>"; };
		512BE7E3210E222D0035DF60 /* Enemy.swift */ = {isa = PBXFileReference; lastKnownFileType = sourcecode.swift; path = Enemy.swift; sourceTree = "<group>"; };
		512BE7E5210E23190035DF60 /* FightStats.swift */ = {isa = PBXFileReference; lastKnownFileType = sourcecode.swift; path = FightStats.swift; sourceTree = "<group>"; };
		512BE7E7210E24340035DF60 /* FightStatsPlayer.swift */ = {isa = PBXFileReference; lastKnownFileType = sourcecode.swift; path = FightStatsPlayer.swift; sourceTree = "<group>"; };
		512BE7E9210E244E0035DF60 /* FightStatsEnemy.swift */ = {isa = PBXFileReference; lastKnownFileType = sourcecode.swift; path = FightStatsEnemy.swift; sourceTree = "<group>"; };
		512EA5AB2103E72D003AFE21 /* Main.swift */ = {isa = PBXFileReference; lastKnownFileType = sourcecode.swift; path = Main.swift; sourceTree = "<group>"; };
		51309F79215BB3AF000A8B94 /* AllSave.swift */ = {isa = PBXFileReference; lastKnownFileType = sourcecode.swift; path = AllSave.swift; sourceTree = "<group>"; };
		51395A9620EAA8970054207E /* Door.swift */ = {isa = PBXFileReference; lastKnownFileType = sourcecode.swift; path = Door.swift; sourceTree = "<group>"; };
		5139D0D221563A3700CC92A3 /* StuelAnimArea.swift */ = {isa = PBXFileReference; lastKnownFileType = sourcecode.swift; path = StuelAnimArea.swift; sourceTree = "<group>"; };
		5143160921202E38003A0C11 /* CardInAren.swift */ = {isa = PBXFileReference; lastKnownFileType = sourcecode.swift; path = CardInAren.swift; sourceTree = "<group>"; };
		5143160B2120864E003A0C11 /* Skeleton.swift */ = {isa = PBXFileReference; lastKnownFileType = sourcecode.swift; path = Skeleton.swift; sourceTree = "<group>"; };
		5147425A217350C300C2227E /* StuelFightAren.swift */ = {isa = PBXFileReference; lastKnownFileType = sourcecode.swift; path = StuelFightAren.swift; sourceTree = "<group>"; };
		5157168420EFA2FC007FA2F5 /* NoDoorRoom.swift */ = {isa = PBXFileReference; lastKnownFileType = sourcecode.swift; path = NoDoorRoom.swift; sourceTree = "<group>"; };
		515792FC20EA1E7A00327D91 /* pre_alfa-0.00.01.app */ = {isa = PBXFileReference; explicitFileType = wrapper.application; includeInIndex = 0; path = "pre_alfa-0.00.01.app"; sourceTree = BUILT_PRODUCTS_DIR; };
		5157930120EA1E7A00327D91 /* Area.swift */ = {isa = PBXFileReference; lastKnownFileType = sourcecode.swift; path = Area.swift; sourceTree = "<group>"; };
		5157930620EA1E7C00327D91 /* Assets.xcassets */ = {isa = PBXFileReference; lastKnownFileType = folder.assetcatalog; path = Assets.xcassets; sourceTree = "<group>"; };
		5157930B20EA1E7C00327D91 /* Info.plist */ = {isa = PBXFileReference; lastKnownFileType = text.plist.xml; path = Info.plist; sourceTree = "<group>"; };
		5157931120EA1F5000327D91 /* Room.swift */ = {isa = PBXFileReference; lastKnownFileType = sourcecode.swift; path = Room.swift; sourceTree = "<group>"; };
		516B10E1211C488D00DDE22A /* scenes.scnassets */ = {isa = PBXFileReference; lastKnownFileType = wrapper.scnassets; path = scenes.scnassets; sourceTree = "<group>"; };
		516E27302117A05300409D97 /* AppDelegate.swift */ = {isa = PBXFileReference; fileEncoding = 4; lastKnownFileType = sourcecode.swift; path = AppDelegate.swift; sourceTree = "<group>"; };
		5186DF0E20F0A8CE006AF275 /* Player.swift */ = {isa = PBXFileReference; lastKnownFileType = sourcecode.swift; path = Player.swift; sourceTree = "<group>"; };
		5186DF1120F0A927006AF275 /* Inventery.swift */ = {isa = PBXFileReference; lastKnownFileType = sourcecode.swift; path = Inventery.swift; sourceTree = "<group>"; };
		5186DF1420F0A941006AF275 /* Item.swift */ = {isa = PBXFileReference; lastKnownFileType = sourcecode.swift; path = Item.swift; sourceTree = "<group>"; };
		5186DF1820F0B4B3006AF275 /* Key.swift */ = {isa = PBXFileReference; lastKnownFileType = sourcecode.swift; path = Key.swift; sourceTree = "<group>"; };
		518977B9212ED82400BD8AF9 /* RoomProp.swift */ = {isa = PBXFileReference; lastKnownFileType = sourcecode.swift; path = RoomProp.swift; sourceTree = "<group>"; };
		518977BD2131E9BB00BD8AF9 /* GetClass.swift */ = {isa = PBXFileReference; lastKnownFileType = sourcecode.swift; path = GetClass.swift; sourceTree = "<group>"; };
		5189AFC42109F59C00AD159C /* Dir.swift */ = {isa = PBXFileReference; lastKnownFileType = sourcecode.swift; path = Dir.swift; sourceTree = "<group>"; };
		5189AFC6210A3BBD00AD159C /* PlayerCast.swift */ = {isa = PBXFileReference; lastKnownFileType = sourcecode.swift; path = PlayerCast.swift; sourceTree = "<group>"; };
		5189AFCA210A3E6100AD159C /* PlayerCast.storyboard */ = {isa = PBXFileReference; fileEncoding = 4; lastKnownFileType = file.storyboard; name = PlayerCast.storyboard; path = "pre_alfa-0.00.01/Bords&Controllers/PlayerCast/PlayerCast.storyboard"; sourceTree = SOURCE_ROOT; };
		518B7168212466A2005E9A47 /* Card.swift */ = {isa = PBXFileReference; lastKnownFileType = sourcecode.swift; path = Card.swift; sourceTree = "<group>"; };
		518B716A212466FD005E9A47 /* Qality.swift */ = {isa = PBXFileReference; lastKnownFileType = sourcecode.swift; path = Qality.swift; sourceTree = "<group>"; };
		518B716C212484B0005E9A47 /* CardAtack.swift */ = {isa = PBXFileReference; lastKnownFileType = sourcecode.swift; path = CardAtack.swift; sourceTree = "<group>"; };
		518F2F63210E5E1A008C036E /* FightAren.swift */ = {isa = PBXFileReference; lastKnownFileType = sourcecode.swift; path = FightAren.swift; sourceTree = "<group>"; };
		519FA31C212AACAD00FAE753 /* HpCard.swift */ = {isa = PBXFileReference; lastKnownFileType = sourcecode.swift; path = HpCard.swift; sourceTree = "<group>"; };
		51A2C2852103FF2A00E8ADC4 /* BrainArea.swift */ = {isa = PBXFileReference; lastKnownFileType = sourcecode.swift; path = BrainArea.swift; sourceTree = "<group>"; };
		51BB556621A8546B0081ED9D /* Lu.swift */ = {isa = PBXFileReference; lastKnownFileType = sourcecode.swift; path = Lu.swift; sourceTree = "<group>"; };
		51C1E50D21AA101E00872764 /* Sashka.swift */ = {isa = PBXFileReference; lastKnownFileType = sourcecode.swift; path = Sashka.swift; sourceTree = "<group>"; };
		51C20B542114A0B700A63B7E /* Soul.swift */ = {isa = PBXFileReference; lastKnownFileType = sourcecode.swift; path = Soul.swift; sourceTree = "<group>"; };
		51C20B572114A78800A63B7E /* BrainFightAren.swift */ = {isa = PBXFileReference; lastKnownFileType = sourcecode.swift; path = BrainFightAren.swift; sourceTree = "<group>"; };
		51C373E4211EFC950091A34F /* EnemyInAren.swift */ = {isa = PBXFileReference; lastKnownFileType = sourcecode.swift; path = EnemyInAren.swift; sourceTree = "<group>"; };
		51D5DDAC214FB0E000420FF2 /* StorRoom.swift */ = {isa = PBXFileReference; lastKnownFileType = sourcecode.swift; path = StorRoom.swift; sourceTree = "<group>"; };
		51DE5C55210B376000CC002E /* Lilit.swift */ = {isa = PBXFileReference; lastKnownFileType = sourcecode.swift; path = Lilit.swift; sourceTree = "<group>"; };
		51DE5C57210B505200CC002E /* GameDataStorage.swift */ = {isa = PBXFileReference; lastKnownFileType = sourcecode.swift; path = GameDataStorage.swift; sourceTree = "<group>"; };
		51DE5C59210C165100CC002E /* StackItem.swift */ = {isa = PBXFileReference; lastKnownFileType = sourcecode.swift; path = StackItem.swift; sourceTree = "<group>"; };
		51DE5C5B210CE63C00CC002E /* LostBord.storyboard */ = {isa = PBXFileReference; fileEncoding = 4; lastKnownFileType = file.storyboard; name = LostBord.storyboard; path = "pre_alfa-0.00.01/Bords&Controllers/LostBord/LostBord.storyboard"; sourceTree = SOURCE_ROOT; };
		51DE5C5D210CE67900CC002E /* LostBord.swift */ = {isa = PBXFileReference; lastKnownFileType = sourcecode.swift; path = LostBord.swift; sourceTree = "<group>"; };
		51E42D9920F2384E007DA454 /* DmgRoom.swift */ = {isa = PBXFileReference; lastKnownFileType = sourcecode.swift; path = DmgRoom.swift; sourceTree = "<group>"; };
		51E42D9B20F36065007DA454 /* Map.swift */ = {isa = PBXFileReference; lastKnownFileType = sourcecode.swift; path = Map.swift; sourceTree = "<group>"; };
		51E4516E2147E4FD00E25903 /* InventeryBoard.storyboard */ = {isa = PBXFileReference; fileEncoding = 4; lastKnownFileType = file.storyboard; path = InventeryBoard.storyboard; sourceTree = "<group>"; };
		51E451702147E52500E25903 /* InventeryBoard.swift */ = {isa = PBXFileReference; lastKnownFileType = sourcecode.swift; path = InventeryBoard.swift; sourceTree = "<group>"; };
		51EBC66621997EED00BA3160 /* Navigation.swift */ = {isa = PBXFileReference; lastKnownFileType = sourcecode.swift; path = Navigation.swift; sourceTree = "<group>"; };
		51EBC668219A3D9A00BA3160 /* NavigationProtocol.swift */ = {isa = PBXFileReference; lastKnownFileType = sourcecode.swift; path = NavigationProtocol.swift; sourceTree = "<group>"; };
		51F24BDE2107A1AB00912E15 /* PlayMenu.swift */ = {isa = PBXFileReference; lastKnownFileType = sourcecode.swift; path = PlayMenu.swift; sourceTree = "<group>"; };
		51F24BE32107A4B800912E15 /* PlayMenu.storyboard */ = {isa = PBXFileReference; fileEncoding = 4; lastKnownFileType = file.storyboard; path = PlayMenu.storyboard; sourceTree = "<group>"; };
		51F26F5320FB57C1003D326A /* DifRoom.swift */ = {isa = PBXFileReference; lastKnownFileType = sourcecode.swift; path = DifRoom.swift; sourceTree = "<group>"; };
		51F26F5520FCC876003D326A /* CloseRoom.swift */ = {isa = PBXFileReference; lastKnownFileType = sourcecode.swift; path = CloseRoom.swift; sourceTree = "<group>"; };
		B8B02FBC1B08D8457C72B1BF /* Pods-pre_alfa-0.00.01.debug.xcconfig */ = {isa = PBXFileReference; includeInIndex = 1; lastKnownFileType = text.xcconfig; name = "Pods-pre_alfa-0.00.01.debug.xcconfig"; path = "Pods/Target Support Files/Pods-pre_alfa-0.00.01/Pods-pre_alfa-0.00.01.debug.xcconfig"; sourceTree = "<group>"; };
		EEE14E7AB41F0BBD7C845B03 /* Pods-pre_alfa-0.00.01.release.xcconfig */ = {isa = PBXFileReference; includeInIndex = 1; lastKnownFileType = text.xcconfig; name = "Pods-pre_alfa-0.00.01.release.xcconfig"; path = "Pods/Target Support Files/Pods-pre_alfa-0.00.01/Pods-pre_alfa-0.00.01.release.xcconfig"; sourceTree = "<group>"; };
/* End PBXFileReference section */

/* Begin PBXFrameworksBuildPhase section */
		515792F920EA1E7A00327D91 /* Frameworks */ = {
			isa = PBXFrameworksBuildPhase;
			buildActionMask = 2147483647;
			files = (
				30D79483C4C0940C3AC7C088 /* Pods_pre_alfa_0_00_01.framework in Frameworks */,
			);
			runOnlyForDeploymentPostprocessing = 0;
		};
/* End PBXFrameworksBuildPhase section */

/* Begin PBXGroup section */
		0925EEE56BB941CE5D6EF46D /* Pods */ = {
			isa = PBXGroup;
			children = (
				B8B02FBC1B08D8457C72B1BF /* Pods-pre_alfa-0.00.01.debug.xcconfig */,
				EEE14E7AB41F0BBD7C845B03 /* Pods-pre_alfa-0.00.01.release.xcconfig */,
			);
			name = Pods;
			sourceTree = "<group>";
		};
		511AEE622146AD4B007D2A2A /* InventeryBoard */ = {
			isa = PBXGroup;
			children = (
				51E4516E2147E4FD00E25903 /* InventeryBoard.storyboard */,
				51E451702147E52500E25903 /* InventeryBoard.swift */,
			);
			path = InventeryBoard;
			sourceTree = "<group>";
		};
		51200F852121EBF00018E53E /* MapView */ = {
			isa = PBXGroup;
			children = (
				51200F882121EE140018E53E /* MapView.storyboard */,
				51200F862121EDAB0018E53E /* MapView.swift */,
			);
			path = MapView;
			sourceTree = "<group>";
		};
		5143160D212091AE003A0C11 /* Players */ = {
			isa = PBXGroup;
			children = (
				5186DF0E20F0A8CE006AF275 /* Player.swift */,
				51DE5C55210B376000CC002E /* Lilit.swift */,
				51BB556621A8546B0081ED9D /* Lu.swift */,
				51C1E50D21AA101E00872764 /* Sashka.swift */,
			);
			path = Players;
			sourceTree = "<group>";
		};
		5143160E212091CE003A0C11 /* Enemy */ = {
			isa = PBXGroup;
			children = (
				512BE7E3210E222D0035DF60 /* Enemy.swift */,
				5143160B2120864E003A0C11 /* Skeleton.swift */,
				51C20B542114A0B700A63B7E /* Soul.swift */,
			);
			path = Enemy;
			sourceTree = "<group>";
		};
		5143160F21209200003A0C11 /* GameDataStorege */ = {
			isa = PBXGroup;
			children = (
				51DE5C57210B505200CC002E /* GameDataStorage.swift */,
				51395A9620EAA8970054207E /* Door.swift */,
				5189AFC42109F59C00AD159C /* Dir.swift */,
				518B716A212466FD005E9A47 /* Qality.swift */,
				5186DF0D20F0A877006AF275 /* Charactor */,
				5186DF0A20F0A783006AF275 /* Room */,
				5151E57721A2C1C90055811D /* Map */,
			);
			path = GameDataStorege;
			sourceTree = "<group>";
		};
		5143161021209217003A0C11 /* CommonRooms */ = {
			isa = PBXGroup;
			children = (
				510F0EA5211D7B8700BF7822 /* ComRoom.swift */,
			);
			path = CommonRooms;
			sourceTree = "<group>";
		};
		514316112120922C003A0C11 /* DifRooms */ = {
			isa = PBXGroup;
			children = (
				51F26F5320FB57C1003D326A /* DifRoom.swift */,
				5157168420EFA2FC007FA2F5 /* NoDoorRoom.swift */,
				51F26F5520FCC876003D326A /* CloseRoom.swift */,
				51E42D9920F2384E007DA454 /* DmgRoom.swift */,
				51D5DDAC214FB0E000420FF2 /* StorRoom.swift */,
			);
			path = DifRooms;
			sourceTree = "<group>";
		};
		5151E57721A2C1C90055811D /* Map */ = {
			isa = PBXGroup;
			children = (
				51E42D9B20F36065007DA454 /* Map.swift */,
				5151E57821A2C1CF0055811D /* Map3D */,
			);
			name = Map;
			sourceTree = "<group>";
		};
		5151E57821A2C1CF0055811D /* Map3D */ = {
			isa = PBXGroup;
			children = (
				51200F812121D7B10018E53E /* Map3D.swift */,
				51200F832121D8FE0018E53E /* BlockMap3D.swift */,
			);
			name = Map3D;
			sourceTree = "<group>";
		};
		515792F320EA1E7A00327D91 = {
			isa = PBXGroup;
			children = (
				515792FE20EA1E7A00327D91 /* pre_alfa-0.00.01 */,
				515792FD20EA1E7A00327D91 /* Products */,
				0925EEE56BB941CE5D6EF46D /* Pods */,
				EE1DCD5D787341FB09436086 /* Frameworks */,
			);
			sourceTree = "<group>";
		};
		515792FD20EA1E7A00327D91 /* Products */ = {
			isa = PBXGroup;
			children = (
				515792FC20EA1E7A00327D91 /* pre_alfa-0.00.01.app */,
			);
			name = Products;
			sourceTree = "<group>";
		};
		515792FE20EA1E7A00327D91 /* pre_alfa-0.00.01 */ = {
			isa = PBXGroup;
			children = (
				516E27302117A05300409D97 /* AppDelegate.swift */,
				5157930B20EA1E7C00327D91 /* Info.plist */,
				512863212120ADA30047326D /* LaunchScreen.storyboard */,
				5157930620EA1E7C00327D91 /* Assets.xcassets */,
				516B10E1211C488D00DDE22A /* scenes.scnassets */,
				51DE5C5F210D231200CC002E /* Bords&Controllers */,
				5143160F21209200003A0C11 /* GameDataStorege */,
				518977B8212ED7A300BD8AF9 /* Save */,
			);
			path = "pre_alfa-0.00.01";
			sourceTree = "<group>";
		};
		5186DF0A20F0A783006AF275 /* Room */ = {
			isa = PBXGroup;
			children = (
				518977B9212ED82400BD8AF9 /* RoomProp.swift */,
				5157931120EA1F5000327D91 /* Room.swift */,
				514316112120922C003A0C11 /* DifRooms */,
				5143161021209217003A0C11 /* CommonRooms */,
			);
			path = Room;
			sourceTree = "<group>";
		};
		5186DF0D20F0A877006AF275 /* Charactor */ = {
			isa = PBXGroup;
			children = (
				512BE7E1210E21480035DF60 /* Charactor.swift */,
				5186DF1020F0A8E0006AF275 /* Inventery */,
				5143160D212091AE003A0C11 /* Players */,
				5143160E212091CE003A0C11 /* Enemy */,
				51E42D9820F21017007DA454 /* Stats */,
			);
			path = Charactor;
			sourceTree = "<group>";
		};
		5186DF1020F0A8E0006AF275 /* Inventery */ = {
			isa = PBXGroup;
			children = (
				5186DF1120F0A927006AF275 /* Inventery.swift */,
				51DDD72E2134A6DE00457A6A /* Card */,
				5186DF1320F0A92E006AF275 /* Item */,
			);
			path = Inventery;
			sourceTree = "<group>";
		};
		5186DF1320F0A92E006AF275 /* Item */ = {
			isa = PBXGroup;
			children = (
				5186DF1420F0A941006AF275 /* Item.swift */,
				5186DF1820F0B4B3006AF275 /* Key.swift */,
				51DE5C59210C165100CC002E /* StackItem.swift */,
			);
			path = Item;
			sourceTree = "<group>";
		};
		518977B8212ED7A300BD8AF9 /* Save */ = {
			isa = PBXGroup;
			children = (
				51309F79215BB3AF000A8B94 /* AllSave.swift */,
				518977BD2131E9BB00BD8AF9 /* GetClass.swift */,
			);
			path = Save;
			sourceTree = "<group>";
		};
		51A2C2872105312300E8ADC4 /* Area */ = {
			isa = PBXGroup;
			children = (
				512863252120B1A90047326D /* Area.storyboard */,
				5157930120EA1E7A00327D91 /* Area.swift */,
				51A2C2852103FF2A00E8ADC4 /* BrainArea.swift */,
				5139D0D221563A3700CC92A3 /* StuelAnimArea.swift */,
			);
			path = Area;
			sourceTree = "<group>";
		};
		51C20B562114A74200A63B7E /* FIghtAren */ = {
			isa = PBXGroup;
			children = (
				512863232120B1120047326D /* FightAren.storyboard */,
				518F2F63210E5E1A008C036E /* FightAren.swift */,
				51C20B572114A78800A63B7E /* BrainFightAren.swift */,
				5147425A217350C300C2227E /* StuelFightAren.swift */,
				51C373E4211EFC950091A34F /* EnemyInAren.swift */,
				5143160921202E38003A0C11 /* CardInAren.swift */,
			);
			path = FIghtAren;
			sourceTree = "<group>";
		};
		51DDD72E2134A6DE00457A6A /* Card */ = {
			isa = PBXGroup;
			children = (
				518B7168212466A2005E9A47 /* Card.swift */,
				518B716C212484B0005E9A47 /* CardAtack.swift */,
				519FA31C212AACAD00FAE753 /* HpCard.swift */,
			);
			path = Card;
			sourceTree = "<group>";
		};
		51DE5C5F210D231200CC002E /* Bords&Controllers */ = {
			isa = PBXGroup;
			children = (
				51DE5C62210D239800CC002E /* Main */,
				51DE5C63210D23A800CC002E /* PlayerCast */,
				51A2C2872105312300E8ADC4 /* Area */,
				51C20B562114A74200A63B7E /* FIghtAren */,
				51DE5C61210D238100CC002E /* PlayMenu */,
				51200F852121EBF00018E53E /* MapView */,
				511AEE622146AD4B007D2A2A /* InventeryBoard */,
				51DE5C60210D235E00CC002E /* LostBord */,
				51EBC668219A3D9A00BA3160 /* NavigationProtocol.swift */,
				51EBC66621997EED00BA3160 /* Navigation.swift */,
			);
			path = "Bords&Controllers";
			sourceTree = "<group>";
		};
		51DE5C60210D235E00CC002E /* LostBord */ = {
			isa = PBXGroup;
			children = (
				51DE5C5B210CE63C00CC002E /* LostBord.storyboard */,
				51DE5C5D210CE67900CC002E /* LostBord.swift */,
			);
			path = LostBord;
			sourceTree = "<group>";
		};
		51DE5C61210D238100CC002E /* PlayMenu */ = {
			isa = PBXGroup;
			children = (
				51F24BE32107A4B800912E15 /* PlayMenu.storyboard */,
				51F24BDE2107A1AB00912E15 /* PlayMenu.swift */,
			);
			path = PlayMenu;
			sourceTree = "<group>";
		};
		51DE5C62210D239800CC002E /* Main */ = {
			isa = PBXGroup;
			children = (
				512863272120B3180047326D /* Main.storyboard */,
				512EA5AB2103E72D003AFE21 /* Main.swift */,
			);
			path = Main;
			sourceTree = "<group>";
		};
		51DE5C63210D23A800CC002E /* PlayerCast */ = {
			isa = PBXGroup;
			children = (
				5189AFCA210A3E6100AD159C /* PlayerCast.storyboard */,
				5189AFC6210A3BBD00AD159C /* PlayerCast.swift */,
			);
			path = PlayerCast;
			sourceTree = "<group>";
		};
		51E42D9820F21017007DA454 /* Stats */ = {
			isa = PBXGroup;
			children = (
				512BE7E5210E23190035DF60 /* FightStats.swift */,
				512BE7E7210E24340035DF60 /* FightStatsPlayer.swift */,
				512BE7E9210E244E0035DF60 /* FightStatsEnemy.swift */,
			);
			path = Stats;
			sourceTree = "<group>";
		};
		EE1DCD5D787341FB09436086 /* Frameworks */ = {
			isa = PBXGroup;
			children = (
				32F90BB9B0878CF98996CBA9 /* Pods_pre_alfa_0_00_01.framework */,
			);
			name = Frameworks;
			sourceTree = "<group>";
		};
/* End PBXGroup section */

/* Begin PBXNativeTarget section */
		515792FB20EA1E7A00327D91 /* pre_alfa-0.00.01 */ = {
			isa = PBXNativeTarget;
			buildConfigurationList = 5157930E20EA1E7C00327D91 /* Build configuration list for PBXNativeTarget "pre_alfa-0.00.01" */;
			buildPhases = (
				2E3C0AC71006518F3F0F4D8C /* [CP] Check Pods Manifest.lock */,
				515792F820EA1E7A00327D91 /* Sources */,
				515792F920EA1E7A00327D91 /* Frameworks */,
				515792FA20EA1E7A00327D91 /* Resources */,
				36E9E88458DD325D212031E4 /* [CP] Embed Pods Frameworks */,
			);
			buildRules = (
			);
			dependencies = (
			);
			name = "pre_alfa-0.00.01";
			productName = "pre_alfa-0.00.01";
			productReference = 515792FC20EA1E7A00327D91 /* pre_alfa-0.00.01.app */;
			productType = "com.apple.product-type.application";
		};
/* End PBXNativeTarget section */

/* Begin PBXProject section */
		515792F420EA1E7A00327D91 /* Project object */ = {
			isa = PBXProject;
			attributes = {
				LastSwiftUpdateCheck = 0940;
				LastUpgradeCheck = 0940;
				ORGANIZATIONNAME = "Александр Сенин";
				TargetAttributes = {
					515792FB20EA1E7A00327D91 = {
						CreatedOnToolsVersion = 9.4.1;
						LastSwiftMigration = 1000;
					};
				};
			};
			buildConfigurationList = 515792F720EA1E7A00327D91 /* Build configuration list for PBXProject "pre_alfa-0.00.01" */;
			compatibilityVersion = "Xcode 9.3";
			developmentRegion = en;
			hasScannedForEncodings = 0;
			knownRegions = (
				en,
				Base,
			);
			mainGroup = 515792F320EA1E7A00327D91;
			productRefGroup = 515792FD20EA1E7A00327D91 /* Products */;
			projectDirPath = "";
			projectRoot = "";
			targets = (
				515792FB20EA1E7A00327D91 /* pre_alfa-0.00.01 */,
			);
		};
/* End PBXProject section */

/* Begin PBXResourcesBuildPhase section */
		515792FA20EA1E7A00327D91 /* Resources */ = {
			isa = PBXResourcesBuildPhase;
			buildActionMask = 2147483647;
			files = (
				51E4516F2147E4FD00E25903 /* InventeryBoard.storyboard in Resources */,
				512863222120ADA30047326D /* LaunchScreen.storyboard in Resources */,
				512863262120B1AA0047326D /* Area.storyboard in Resources */,
				51F24BE42107A4B800912E15 /* PlayMenu.storyboard in Resources */,
				512863242120B1130047326D /* FightAren.storyboard in Resources */,
				5189AFCB210A3E6100AD159C /* PlayerCast.storyboard in Resources */,
				516B10E2211C488D00DDE22A /* scenes.scnassets in Resources */,
				512863282120B3180047326D /* Main.storyboard in Resources */,
				5157930720EA1E7C00327D91 /* Assets.xcassets in Resources */,
				51200F892121EE140018E53E /* MapView.storyboard in Resources */,
				51DE5C5C210CE63C00CC002E /* LostBord.storyboard in Resources */,
			);
			runOnlyForDeploymentPostprocessing = 0;
		};
/* End PBXResourcesBuildPhase section */

/* Begin PBXShellScriptBuildPhase section */
		2E3C0AC71006518F3F0F4D8C /* [CP] Check Pods Manifest.lock */ = {
			isa = PBXShellScriptBuildPhase;
			buildActionMask = 2147483647;
			files = (
			);
			inputPaths = (
				"${PODS_PODFILE_DIR_PATH}/Podfile.lock",
				"${PODS_ROOT}/Manifest.lock",
			);
			name = "[CP] Check Pods Manifest.lock";
			outputPaths = (
				"$(DERIVED_FILE_DIR)/Pods-pre_alfa-0.00.01-checkManifestLockResult.txt",
			);
			runOnlyForDeploymentPostprocessing = 0;
			shellPath = /bin/sh;
			shellScript = "diff \"${PODS_PODFILE_DIR_PATH}/Podfile.lock\" \"${PODS_ROOT}/Manifest.lock\" > /dev/null\nif [ $? != 0 ] ; then\n    # print error to STDERR\n    echo \"error: The sandbox is not in sync with the Podfile.lock. Run 'pod install' or update your CocoaPods installation.\" >&2\n    exit 1\nfi\n# This output is used by Xcode 'outputs' to avoid re-running this script phase.\necho \"SUCCESS\" > \"${SCRIPT_OUTPUT_FILE_0}\"\n";
			showEnvVarsInLog = 0;
		};
		36E9E88458DD325D212031E4 /* [CP] Embed Pods Frameworks */ = {
			isa = PBXShellScriptBuildPhase;
			buildActionMask = 2147483647;
			files = (
			);
			inputPaths = (
				"${SRCROOT}/Pods/Target Support Files/Pods-pre_alfa-0.00.01/Pods-pre_alfa-0.00.01-frameworks.sh",
				"${BUILT_PRODUCTS_DIR}/Realm/Realm.framework",
				"${BUILT_PRODUCTS_DIR}/RealmSwift/RealmSwift.framework",
			);
			name = "[CP] Embed Pods Frameworks";
			outputPaths = (
				"${TARGET_BUILD_DIR}/${FRAMEWORKS_FOLDER_PATH}/Realm.framework",
				"${TARGET_BUILD_DIR}/${FRAMEWORKS_FOLDER_PATH}/RealmSwift.framework",
			);
			runOnlyForDeploymentPostprocessing = 0;
			shellPath = /bin/sh;
			shellScript = "\"${SRCROOT}/Pods/Target Support Files/Pods-pre_alfa-0.00.01/Pods-pre_alfa-0.00.01-frameworks.sh\"\n";
			showEnvVarsInLog = 0;
		};
/* End PBXShellScriptBuildPhase section */

/* Begin PBXSourcesBuildPhase section */
		515792F820EA1E7A00327D91 /* Sources */ = {
			isa = PBXSourcesBuildPhase;
			buildActionMask = 2147483647;
			files = (
				5186DF1920F0B4B3006AF275 /* Key.swift in Sources */,
				5157168520EFA2FC007FA2F5 /* NoDoorRoom.swift in Sources */,
				51D5DDAD214FB0E000420FF2 /* StorRoom.swift in Sources */,
				516E27312117A05300409D97 /* AppDelegate.swift in Sources */,
				512BE7E4210E222D0035DF60 /* Enemy.swift in Sources */,
				51200F872121EDAB0018E53E /* MapView.swift in Sources */,
				518977BA212ED82400BD8AF9 /* RoomProp.swift in Sources */,
				512BE7E2210E21480035DF60 /* Charactor.swift in Sources */,
				5186DF1520F0A941006AF275 /* Item.swift in Sources */,
				518B7169212466A2005E9A47 /* Card.swift in Sources */,
				51C1E50E21AA101E00872764 /* Sashka.swift in Sources */,
				518977BE2131E9BB00BD8AF9 /* GetClass.swift in Sources */,
				51200F842121D8FE0018E53E /* BlockMap3D.swift in Sources */,
				51BB556721A8546B0081ED9D /* Lu.swift in Sources */,
				5139D0D321563A3700CC92A3 /* StuelAnimArea.swift in Sources */,
				51E42D9A20F2384E007DA454 /* DmgRoom.swift in Sources */,
				51F26F5420FB57C1003D326A /* DifRoom.swift in Sources */,
				512BE7EA210E244E0035DF60 /* FightStatsEnemy.swift in Sources */,
				5157930220EA1E7A00327D91 /* Area.swift in Sources */,
				51395A9720EAA8970054207E /* Door.swift in Sources */,
				51DE5C5A210C165100CC002E /* StackItem.swift in Sources */,
				512EA5AC2103E72D003AFE21 /* Main.swift in Sources */,
				5186DF0F20F0A8CE006AF275 /* Player.swift in Sources */,
				5189AFC52109F59C00AD159C /* Dir.swift in Sources */,
				51200F822121D7B10018E53E /* Map3D.swift in Sources */,
				512BE7E8210E24340035DF60 /* FightStatsPlayer.swift in Sources */,
				51DE5C56210B376000CC002E /* Lilit.swift in Sources */,
				5143160A21202E38003A0C11 /* CardInAren.swift in Sources */,
				51EBC66721997EED00BA3160 /* Navigation.swift in Sources */,
				5147425B217350C300C2227E /* StuelFightAren.swift in Sources */,
				51E42D9C20F36065007DA454 /* Map.swift in Sources */,
				51EBC669219A3D9A00BA3160 /* NavigationProtocol.swift in Sources */,
				51F24BDF2107A1AB00912E15 /* PlayMenu.swift in Sources */,
				51C20B582114A78800A63B7E /* BrainFightAren.swift in Sources */,
				519FA31D212AACAD00FAE753 /* HpCard.swift in Sources */,
				5189AFC7210A3BBD00AD159C /* PlayerCast.swift in Sources */,
				51309F7A215BB3AF000A8B94 /* AllSave.swift in Sources */,
				51C20B552114A0B700A63B7E /* Soul.swift in Sources */,
				512BE7E6210E23190035DF60 /* FightStats.swift in Sources */,
				51DE5C5E210CE67900CC002E /* LostBord.swift in Sources */,
				51DE5C58210B505200CC002E /* GameDataStorage.swift in Sources */,
				518B716D212484B0005E9A47 /* CardAtack.swift in Sources */,
				51F26F5620FCC876003D326A /* CloseRoom.swift in Sources */,
				518B716B212466FD005E9A47 /* Qality.swift in Sources */,
				518F2F64210E5E1A008C036E /* FightAren.swift in Sources */,
				51E451712147E52500E25903 /* InventeryBoard.swift in Sources */,
				5143160C2120864E003A0C11 /* Skeleton.swift in Sources */,
				5186DF1220F0A927006AF275 /* Inventery.swift in Sources */,
				51A2C2862103FF2A00E8ADC4 /* BrainArea.swift in Sources */,
				510F0EA6211D7B8700BF7822 /* ComRoom.swift in Sources */,
				5157931220EA1F5000327D91 /* Room.swift in Sources */,
				51C373E5211EFC950091A34F /* EnemyInAren.swift in Sources */,
			);
			runOnlyForDeploymentPostprocessing = 0;
		};
/* End PBXSourcesBuildPhase section */

/* Begin XCBuildConfiguration section */
		5157930C20EA1E7C00327D91 /* Debug */ = {
			isa = XCBuildConfiguration;
			buildSettings = {
				ALWAYS_SEARCH_USER_PATHS = NO;
				CLANG_ANALYZER_NONNULL = YES;
				CLANG_ANALYZER_NUMBER_OBJECT_CONVERSION = YES_AGGRESSIVE;
				CLANG_CXX_LANGUAGE_STANDARD = "gnu++14";
				CLANG_CXX_LIBRARY = "libc++";
				CLANG_ENABLE_MODULES = YES;
				CLANG_ENABLE_OBJC_ARC = YES;
				CLANG_ENABLE_OBJC_WEAK = YES;
				CLANG_WARN_BLOCK_CAPTURE_AUTORELEASING = YES;
				CLANG_WARN_BOOL_CONVERSION = YES;
				CLANG_WARN_COMMA = YES;
				CLANG_WARN_CONSTANT_CONVERSION = YES;
				CLANG_WARN_DEPRECATED_OBJC_IMPLEMENTATIONS = YES;
				CLANG_WARN_DIRECT_OBJC_ISA_USAGE = YES_ERROR;
				CLANG_WARN_DOCUMENTATION_COMMENTS = YES;
				CLANG_WARN_EMPTY_BODY = YES;
				CLANG_WARN_ENUM_CONVERSION = YES;
				CLANG_WARN_INFINITE_RECURSION = YES;
				CLANG_WARN_INT_CONVERSION = YES;
				CLANG_WARN_NON_LITERAL_NULL_CONVERSION = YES;
				CLANG_WARN_OBJC_IMPLICIT_RETAIN_SELF = YES;
				CLANG_WARN_OBJC_LITERAL_CONVERSION = YES;
				CLANG_WARN_OBJC_ROOT_CLASS = YES_ERROR;
				CLANG_WARN_RANGE_LOOP_ANALYSIS = YES;
				CLANG_WARN_STRICT_PROTOTYPES = YES;
				CLANG_WARN_SUSPICIOUS_MOVE = YES;
				CLANG_WARN_UNGUARDED_AVAILABILITY = YES_AGGRESSIVE;
				CLANG_WARN_UNREACHABLE_CODE = YES;
				CLANG_WARN__DUPLICATE_METHOD_MATCH = YES;
				CODE_SIGN_IDENTITY = "iPhone Developer";
				COPY_PHASE_STRIP = NO;
				DEBUG_INFORMATION_FORMAT = dwarf;
				ENABLE_BITCODE = YES;
				ENABLE_STRICT_OBJC_MSGSEND = YES;
				ENABLE_TESTABILITY = YES;
				GCC_C_LANGUAGE_STANDARD = gnu11;
				GCC_DYNAMIC_NO_PIC = NO;
				GCC_NO_COMMON_BLOCKS = YES;
				GCC_OPTIMIZATION_LEVEL = 0;
				GCC_PREPROCESSOR_DEFINITIONS = (
					"DEBUG=1",
					"$(inherited)",
				);
				GCC_WARN_64_TO_32_BIT_CONVERSION = YES;
				GCC_WARN_ABOUT_RETURN_TYPE = YES_ERROR;
				GCC_WARN_UNDECLARED_SELECTOR = YES;
				GCC_WARN_UNINITIALIZED_AUTOS = YES_AGGRESSIVE;
				GCC_WARN_UNUSED_FUNCTION = YES;
				GCC_WARN_UNUSED_VARIABLE = YES;
				IPHONEOS_DEPLOYMENT_TARGET = 11.4;
				MTL_ENABLE_DEBUG_INFO = YES;
				ONLY_ACTIVE_ARCH = YES;
				SDKROOT = iphoneos;
				SWIFT_ACTIVE_COMPILATION_CONDITIONS = DEBUG;
				SWIFT_OPTIMIZATION_LEVEL = "-Onone";
			};
			name = Debug;
		};
		5157930D20EA1E7C00327D91 /* Release */ = {
			isa = XCBuildConfiguration;
			buildSettings = {
				ALWAYS_SEARCH_USER_PATHS = NO;
				CLANG_ANALYZER_NONNULL = YES;
				CLANG_ANALYZER_NUMBER_OBJECT_CONVERSION = YES_AGGRESSIVE;
				CLANG_CXX_LANGUAGE_STANDARD = "gnu++14";
				CLANG_CXX_LIBRARY = "libc++";
				CLANG_ENABLE_MODULES = YES;
				CLANG_ENABLE_OBJC_ARC = YES;
				CLANG_ENABLE_OBJC_WEAK = YES;
				CLANG_WARN_BLOCK_CAPTURE_AUTORELEASING = YES;
				CLANG_WARN_BOOL_CONVERSION = YES;
				CLANG_WARN_COMMA = YES;
				CLANG_WARN_CONSTANT_CONVERSION = YES;
				CLANG_WARN_DEPRECATED_OBJC_IMPLEMENTATIONS = YES;
				CLANG_WARN_DIRECT_OBJC_ISA_USAGE = YES_ERROR;
				CLANG_WARN_DOCUMENTATION_COMMENTS = YES;
				CLANG_WARN_EMPTY_BODY = YES;
				CLANG_WARN_ENUM_CONVERSION = YES;
				CLANG_WARN_INFINITE_RECURSION = YES;
				CLANG_WARN_INT_CONVERSION = YES;
				CLANG_WARN_NON_LITERAL_NULL_CONVERSION = YES;
				CLANG_WARN_OBJC_IMPLICIT_RETAIN_SELF = YES;
				CLANG_WARN_OBJC_LITERAL_CONVERSION = YES;
				CLANG_WARN_OBJC_ROOT_CLASS = YES_ERROR;
				CLANG_WARN_RANGE_LOOP_ANALYSIS = YES;
				CLANG_WARN_STRICT_PROTOTYPES = YES;
				CLANG_WARN_SUSPICIOUS_MOVE = YES;
				CLANG_WARN_UNGUARDED_AVAILABILITY = YES_AGGRESSIVE;
				CLANG_WARN_UNREACHABLE_CODE = YES;
				CLANG_WARN__DUPLICATE_METHOD_MATCH = YES;
				CODE_SIGN_IDENTITY = "iPhone Developer";
				COPY_PHASE_STRIP = NO;
				DEBUG_INFORMATION_FORMAT = "dwarf-with-dsym";
				ENABLE_BITCODE = YES;
				ENABLE_NS_ASSERTIONS = NO;
				ENABLE_STRICT_OBJC_MSGSEND = YES;
				GCC_C_LANGUAGE_STANDARD = gnu11;
				GCC_NO_COMMON_BLOCKS = YES;
				GCC_WARN_64_TO_32_BIT_CONVERSION = YES;
				GCC_WARN_ABOUT_RETURN_TYPE = YES_ERROR;
				GCC_WARN_UNDECLARED_SELECTOR = YES;
				GCC_WARN_UNINITIALIZED_AUTOS = YES_AGGRESSIVE;
				GCC_WARN_UNUSED_FUNCTION = YES;
				GCC_WARN_UNUSED_VARIABLE = YES;
				IPHONEOS_DEPLOYMENT_TARGET = 11.4;
				MTL_ENABLE_DEBUG_INFO = NO;
				SDKROOT = iphoneos;
				SWIFT_COMPILATION_MODE = wholemodule;
				SWIFT_OPTIMIZATION_LEVEL = "-O";
				VALIDATE_PRODUCT = YES;
			};
			name = Release;
		};
		5157930F20EA1E7C00327D91 /* Debug */ = {
			isa = XCBuildConfiguration;
			baseConfigurationReference = B8B02FBC1B08D8457C72B1BF /* Pods-pre_alfa-0.00.01.debug.xcconfig */;
			buildSettings = {
				ASSETCATALOG_COMPILER_APPICON_NAME = AppIcon;
				CODE_SIGN_STYLE = Automatic;
				DEVELOPMENT_TEAM = 8Y5GVPPM5T;
				ENABLE_BITCODE = YES;
				INFOPLIST_FILE = "pre_alfa-0.00.01/Info.plist";
				LD_RUNPATH_SEARCH_PATHS = (
					"$(inherited)",
					"@executable_path/Frameworks",
				);
				PRODUCT_BUNDLE_IDENTIFIER = "LightStorm.pre-alfa-0-00-01";
				PRODUCT_NAME = "$(TARGET_NAME)";
				SWIFT_VERSION = 4.2;
				TARGETED_DEVICE_FAMILY = "1,2";
			};
			name = Debug;
		};
		5157931020EA1E7C00327D91 /* Release */ = {
			isa = XCBuildConfiguration;
			baseConfigurationReference = EEE14E7AB41F0BBD7C845B03 /* Pods-pre_alfa-0.00.01.release.xcconfig */;
			buildSettings = {
				ASSETCATALOG_COMPILER_APPICON_NAME = AppIcon;
				CODE_SIGN_STYLE = Automatic;
				DEVELOPMENT_TEAM = 8Y5GVPPM5T;
				ENABLE_BITCODE = YES;
				INFOPLIST_FILE = "pre_alfa-0.00.01/Info.plist";
				LD_RUNPATH_SEARCH_PATHS = (
					"$(inherited)",
					"@executable_path/Frameworks",
				);
				PRODUCT_BUNDLE_IDENTIFIER = "LightStorm.pre-alfa-0-00-01";
				PRODUCT_NAME = "$(TARGET_NAME)";
				SWIFT_VERSION = 4.2;
				TARGETED_DEVICE_FAMILY = "1,2";
			};
			name = Release;
		};
/* End XCBuildConfiguration section */

/* Begin XCConfigurationList section */
		515792F720EA1E7A00327D91 /* Build configuration list for PBXProject "pre_alfa-0.00.01" */ = {
			isa = XCConfigurationList;
			buildConfigurations = (
				5157930C20EA1E7C00327D91 /* Debug */,
				5157930D20EA1E7C00327D91 /* Release */,
			);
			defaultConfigurationIsVisible = 0;
			defaultConfigurationName = Release;
		};
		5157930E20EA1E7C00327D91 /* Build configuration list for PBXNativeTarget "pre_alfa-0.00.01" */ = {
			isa = XCConfigurationList;
			buildConfigurations = (
				5157930F20EA1E7C00327D91 /* Debug */,
				5157931020EA1E7C00327D91 /* Release */,
			);
			defaultConfigurationIsVisible = 0;
			defaultConfigurationName = Release;
		};
/* End XCConfigurationList section */
	};
	rootObject = 515792F420EA1E7A00327D91 /* Project object */;
}
